
Microsoft Visual Studio Solution File, Format Version 12.00
# Visual Studio Version 17
VisualStudioVersion = 17.7.34202.233
MinimumVisualStudioVersion = 10.0.40219.1
Project("{9A19103F-16F7-4668-BE54-9A1E7A4F7556}") = "Crater", "Crater\Crater.csproj", "{BDD4589F-4E08-403E-839D-596192C0F128}"
EndProject
Global
	GlobalSection(SolutionConfigurationPlatforms) = preSolution
		Debug|Any CPU = Debug|Any CPU
		Release|Any CPU = Release|Any CPU
	EndGlobalSection
	GlobalSection(ProjectConfigurationPlatforms) = postSolution
		{BDD4589F-4E08-403E-839D-596192C0F128}.Debug|Any CPU.ActiveCfg = Debug|Any CPU
		{BDD4589F-4E08-403E-839D-596192C0F128}.Debug|Any CPU.Build.0 = Debug|Any CPU
		{BDD4589F-4E08-403E-839D-596192C0F128}.Release|Any CPU.ActiveCfg = Release|Any CPU
		{BDD4589F-4E08-403E-839D-596192C0F128}.Release|Any CPU.Build.0 = Release|Any CPU
	EndGlobalSection
	GlobalSection(SolutionProperties) = preSolution
		HideSolutionNode = FALSE
	EndGlobalSection
	GlobalSection(ExtensibilityGlobals) = postSolution
		SolutionGuid = {21FEF10D-2978-4526-9940-7EE3FCDD70EE}
	EndGlobalSection
EndGlobal
