
Microsoft Visual Studio Solution File, Format Version 12.00
# Visual Studio Version 17
VisualStudioVersion = 17.7.34202.233
MinimumVisualStudioVersion = 10.0.40219.1
Project("{9A19103F-16F7-4668-BE54-9A1E7A4F7556}") = "Crater", "To-Do List App\Crater.csproj", "{96023F5C-93FA-4E0E-B51A-00B7B30768D5}"
EndProject
Global
	GlobalSection(SolutionConfigurationPlatforms) = preSolution
		Debug|Any CPU = Debug|Any CPU
		Release|Any CPU = Release|Any CPU
	EndGlobalSection
	GlobalSection(ProjectConfigurationPlatforms) = postSolution
		{96023F5C-93FA-4E0E-B51A-00B7B30768D5}.Debug|Any CPU.ActiveCfg = Debug|Any CPU
		{96023F5C-93FA-4E0E-B51A-00B7B30768D5}.Debug|Any CPU.Build.0 = Debug|Any CPU
		{96023F5C-93FA-4E0E-B51A-00B7B30768D5}.Release|Any CPU.ActiveCfg = Release|Any CPU
		{96023F5C-93FA-4E0E-B51A-00B7B30768D5}.Release|Any CPU.Build.0 = Release|Any CPU
	EndGlobalSection
	GlobalSection(SolutionProperties) = preSolution
		HideSolutionNode = FALSE
	EndGlobalSection
	GlobalSection(ExtensibilityGlobals) = postSolution
		SolutionGuid = {9C742CC8-262C-4E30-BE07-64EB1941AC23}
	EndGlobalSection
EndGlobal
